
Microsoft Visual Studio Solution File, Format Version 12.00
# Visual Studio 15
VisualStudioVersion = 15.0.27703.2035
MinimumVisualStudioVersion = 10.0.40219.1
Project("{FAE04EC0-301F-11D3-BF4B-00C04F79EFBC}") = "Simple Sharp Websocket", "Simple Sharp Websocket\Simple Sharp Websocket.csproj", "{DA231AA1-2E88-4306-A83A-4597738E8D68}"
EndProject
Project("{FAE04EC0-301F-11D3-BF4B-00C04F79EFBC}") = "UnitTest", "UnitTest\UnitTest.csproj", "{90AF164D-5626-4B0F-BD7E-5DDA6A0A90AF}"
EndProject
Global
	GlobalSection(SolutionConfigurationPlatforms) = preSolution
		Debug|Any CPU = Debug|Any CPU
		Release|Any CPU = Release|Any CPU
	EndGlobalSection
	GlobalSection(ProjectConfigurationPlatforms) = postSolution
		{DA231AA1-2E88-4306-A83A-4597738E8D68}.Debug|Any CPU.ActiveCfg = Debug|Any CPU
		{DA231AA1-2E88-4306-A83A-4597738E8D68}.Debug|Any CPU.Build.0 = Debug|Any CPU
		{DA231AA1-2E88-4306-A83A-4597738E8D68}.Release|Any CPU.ActiveCfg = Release|Any CPU
		{DA231AA1-2E88-4306-A83A-4597738E8D68}.Release|Any CPU.Build.0 = Release|Any CPU
		{90AF164D-5626-4B0F-BD7E-5DDA6A0A90AF}.Debug|Any CPU.ActiveCfg = Debug|Any CPU
		{90AF164D-5626-4B0F-BD7E-5DDA6A0A90AF}.Debug|Any CPU.Build.0 = Debug|Any CPU
		{90AF164D-5626-4B0F-BD7E-5DDA6A0A90AF}.Release|Any CPU.ActiveCfg = Release|Any CPU
		{90AF164D-5626-4B0F-BD7E-5DDA6A0A90AF}.Release|Any CPU.Build.0 = Release|Any CPU
	EndGlobalSection
	GlobalSection(SolutionProperties) = preSolution
		HideSolutionNode = FALSE
	EndGlobalSection
	GlobalSection(ExtensibilityGlobals) = postSolution
		SolutionGuid = {65EA61E5-941D-40A8-B3B0-0911C0369827}
	EndGlobalSection
EndGlobal
